PODS:
  - DSTBaseDevUtils (0.0.3):
    - DSTBaseDevUtils/DSTBaseTool (= 0.0.3)
    - DSTBaseDevUtils/DSTUIKit (= 0.0.3)
  - DSTBaseDevUtils/DSTBaseTool (0.0.3):
    - DSTBaseDevUtils/DSTBaseTool/DSTWeakProxyUtil (= 0.0.3)
  - DSTBaseDevUtils/DSTBaseTool/DSTWeakProxyUtil (0.0.3)
  - DSTBaseDevUtils/DSTUIKit (0.0.3):
    - DSTBaseDevUtils/DSTUIKit/DSTButton (= 0.0.3)
    - DSTBaseDevUtils/DSTUIKit/DSTString (= 0.0.3)
  - DSTBaseDevUtils/DSTUIKit/DSTButton (0.0.3)
  - DSTBaseDevUtils/DSTUIKit/DSTString (0.0.3)

DEPENDENCIES:
  - DSTBaseDevUtils (from `../`)

EXTERNAL SOURCES:
  DSTBaseDevUtils:
    :path: "../"

SPEC CHECKSUMS:
  DSTBaseDevUtils: 0f443561ef6febb97fbc37d8b42bc8984b5a280a

PODFILE CHECKSUM: 209e11caf141f23be406cb802f275a972155ad6a

COCOAPODS: 1.8.3
