PODS:
  - DSTBaseDevUtils (0.0.2):
    - DSTBaseDevUtils/DSTUIKit (= 0.0.2)
  - DSTBaseDevUtils/DSTUIKit (0.0.2):
    - DSTBaseDevUtils/DSTUIKit/DSTButton (= 0.0.2)
    - DSTBaseDevUtils/DSTUIKit/DSTString (= 0.0.2)
  - DSTBaseDevUtils/DSTUIKit/DSTButton (0.0.2)
  - DSTBaseDevUtils/DSTUIKit/DSTString (0.0.2)

DEPENDENCIES:
  - DSTBaseDevUtils (from `../`)

EXTERNAL SOURCES:
  DSTBaseDevUtils:
    :path: "../"

SPEC CHECKSUMS:
  DSTBaseDevUtils: 903cbb06006935adf8d66453b0c5d2557d9d902f

PODFILE CHECKSUM: 8f1814ed4e04eceb854a6d5368b49b72a0de4add

COCOAPODS: 1.7.3
