PODS:
  - DSTBaseDevUtils/DSTUIKit/DSTButton (0.0.3)

DEPENDENCIES:
  - DSTBaseDevUtils/DSTUIKit/DSTButton

SPEC REPOS:
  "git@github.com:iOSDevelopShareTeam/DSTSpecs.git":
    - DSTBaseDevUtils

SPEC CHECKSUMS:
  DSTBaseDevUtils: 0b73259db206bb092d0dd0757eaa9126bfe15fb3

PODFILE CHECKSUM: dcd5c268b3f5126d6a4a606412883f5d1d786221

COCOAPODS: 1.7.3
